
Microsoft Visual Studio Solution File, Format Version 12.00
# Visual Studio Version 17
VisualStudioVersion = 17.4.33403.182
MinimumVisualStudioVersion = 10.0.40219.1
Project("{FAE04EC0-301F-11D3-BF4B-00C04F79EFBC}") = "AECzadanie", "AECzadanie.csproj", "{D0965BDA-E360-4736-BA42-96E606D481D0}"
EndProject
Global
	GlobalSection(SolutionConfigurationPlatforms) = preSolution
		Debug|Any CPU = Debug|Any CPU
		Release|Any CPU = Release|Any CPU
	EndGlobalSection
	GlobalSection(ProjectConfigurationPlatforms) = postSolution
		{D0965BDA-E360-4736-BA42-96E606D481D0}.Debug|Any CPU.ActiveCfg = Debug|Any CPU
		{D0965BDA-E360-4736-BA42-96E606D481D0}.Debug|Any CPU.Build.0 = Debug|Any CPU
		{D0965BDA-E360-4736-BA42-96E606D481D0}.Release|Any CPU.ActiveCfg = Release|Any CPU
		{D0965BDA-E360-4736-BA42-96E606D481D0}.Release|Any CPU.Build.0 = Release|Any CPU
	EndGlobalSection
	GlobalSection(SolutionProperties) = preSolution
		HideSolutionNode = FALSE
	EndGlobalSection
	GlobalSection(ExtensibilityGlobals) = postSolution
		SolutionGuid = {C51F711D-63C9-4BFF-8401-3C24789B359E}
	EndGlobalSection
EndGlobal
